
Microsoft Visual Studio Solution File, Format Version 12.00
# Visual Studio Version 16
VisualStudioVersion = 16.0.29613.14
MinimumVisualStudioVersion = 10.0.40219.1
Project("{FAE04EC0-301F-11D3-BF4B-00C04F79EFBC}") = "Linq1", "Linq1\Linq1.csproj", "{2CD85AB4-7398-4080-BFD3-84AEF7E41366}"
EndProject
Global
	GlobalSection(SolutionConfigurationPlatforms) = preSolution
		Debug|Any CPU = Debug|Any CPU
		Release|Any CPU = Release|Any CPU
	EndGlobalSection
	GlobalSection(ProjectConfigurationPlatforms) = postSolution
		{2CD85AB4-7398-4080-BFD3-84AEF7E41366}.Debug|Any CPU.ActiveCfg = Debug|Any CPU
		{2CD85AB4-7398-4080-BFD3-84AEF7E41366}.Debug|Any CPU.Build.0 = Debug|Any CPU
		{2CD85AB4-7398-4080-BFD3-84AEF7E41366}.Release|Any CPU.ActiveCfg = Release|Any CPU
		{2CD85AB4-7398-4080-BFD3-84AEF7E41366}.Release|Any CPU.Build.0 = Release|Any CPU
	EndGlobalSection
	GlobalSection(SolutionProperties) = preSolution
		HideSolutionNode = FALSE
	EndGlobalSection
	GlobalSection(ExtensibilityGlobals) = postSolution
		SolutionGuid = {0B41B69C-22E1-4E59-96F8-3AB325080BBB}
	EndGlobalSection
EndGlobal
