
Microsoft Visual Studio Solution File, Format Version 12.00
# Visual Studio Version 16
VisualStudioVersion = 16.0.29613.14
MinimumVisualStudioVersion = 10.0.40219.1
Project("{FAE04EC0-301F-11D3-BF4B-00C04F79EFBC}") = "WPF 08 INotifyPropertyChange", "WPF 08 INotifyPropertyChange\WPF 08 INotifyPropertyChange.csproj", "{637BE277-D2EE-432D-B78D-165977694384}"
EndProject
Global
	GlobalSection(SolutionConfigurationPlatforms) = preSolution
		Debug|Any CPU = Debug|Any CPU
		Release|Any CPU = Release|Any CPU
	EndGlobalSection
	GlobalSection(ProjectConfigurationPlatforms) = postSolution
		{637BE277-D2EE-432D-B78D-165977694384}.Debug|Any CPU.ActiveCfg = Debug|Any CPU
		{637BE277-D2EE-432D-B78D-165977694384}.Debug|Any CPU.Build.0 = Debug|Any CPU
		{637BE277-D2EE-432D-B78D-165977694384}.Release|Any CPU.ActiveCfg = Release|Any CPU
		{637BE277-D2EE-432D-B78D-165977694384}.Release|Any CPU.Build.0 = Release|Any CPU
	EndGlobalSection
	GlobalSection(SolutionProperties) = preSolution
		HideSolutionNode = FALSE
	EndGlobalSection
	GlobalSection(ExtensibilityGlobals) = postSolution
		SolutionGuid = {6AE271E3-8E4C-4FFA-B13A-F3244D1A33CE}
	EndGlobalSection
EndGlobal
