
Microsoft Visual Studio Solution File, Format Version 12.00
# Visual Studio Version 16
VisualStudioVersion = 16.0.29609.76
MinimumVisualStudioVersion = 10.0.40219.1
Project("{FAE04EC0-301F-11D3-BF4B-00C04F79EFBC}") = "DateTimeT", "DateTime\DateTimeT.csproj", "{2CB6BAE8-5292-4288-88A7-9737EEF00CCE}"
EndProject
Global
	GlobalSection(SolutionConfigurationPlatforms) = preSolution
		Debug|Any CPU = Debug|Any CPU
		Release|Any CPU = Release|Any CPU
	EndGlobalSection
	GlobalSection(ProjectConfigurationPlatforms) = postSolution
		{2CB6BAE8-5292-4288-88A7-9737EEF00CCE}.Debug|Any CPU.ActiveCfg = Debug|Any CPU
		{2CB6BAE8-5292-4288-88A7-9737EEF00CCE}.Debug|Any CPU.Build.0 = Debug|Any CPU
		{2CB6BAE8-5292-4288-88A7-9737EEF00CCE}.Release|Any CPU.ActiveCfg = Release|Any CPU
		{2CB6BAE8-5292-4288-88A7-9737EEF00CCE}.Release|Any CPU.Build.0 = Release|Any CPU
	EndGlobalSection
	GlobalSection(SolutionProperties) = preSolution
		HideSolutionNode = FALSE
	EndGlobalSection
	GlobalSection(ExtensibilityGlobals) = postSolution
		SolutionGuid = {C559EFD9-EF04-4DE7-A3E7-C76C8A24E1D9}
	EndGlobalSection
EndGlobal
