
Microsoft Visual Studio Solution File, Format Version 12.00
# Visual Studio Version 16
VisualStudioVersion = 16.0.29613.14
MinimumVisualStudioVersion = 10.0.40219.1
Project("{FAE04EC0-301F-11D3-BF4B-00C04F79EFBC}") = "WPF 15 PasswordBox", "WPF 15 PasswordBox\WPF 15 PasswordBox.csproj", "{8B5D141A-AC4B-40D4-9738-4C2BE940747A}"
EndProject
Global
	GlobalSection(SolutionConfigurationPlatforms) = preSolution
		Debug|Any CPU = Debug|Any CPU
		Release|Any CPU = Release|Any CPU
	EndGlobalSection
	GlobalSection(ProjectConfigurationPlatforms) = postSolution
		{8B5D141A-AC4B-40D4-9738-4C2BE940747A}.Debug|Any CPU.ActiveCfg = Debug|Any CPU
		{8B5D141A-AC4B-40D4-9738-4C2BE940747A}.Debug|Any CPU.Build.0 = Debug|Any CPU
		{8B5D141A-AC4B-40D4-9738-4C2BE940747A}.Release|Any CPU.ActiveCfg = Release|Any CPU
		{8B5D141A-AC4B-40D4-9738-4C2BE940747A}.Release|Any CPU.Build.0 = Release|Any CPU
	EndGlobalSection
	GlobalSection(SolutionProperties) = preSolution
		HideSolutionNode = FALSE
	EndGlobalSection
	GlobalSection(ExtensibilityGlobals) = postSolution
		SolutionGuid = {C2939CFD-BFE7-499C-9E2C-97642DD73101}
	EndGlobalSection
EndGlobal
