
Microsoft Visual Studio Solution File, Format Version 12.00
# Visual Studio Version 16
VisualStudioVersion = 16.0.29613.14
MinimumVisualStudioVersion = 10.0.40219.1
Project("{FAE04EC0-301F-11D3-BF4B-00C04F79EFBC}") = "WPF01", "WPF01\WPF01.csproj", "{598E7986-B00E-4CED-A7D7-BF49E34DCFFA}"
EndProject
Global
	GlobalSection(SolutionConfigurationPlatforms) = preSolution
		Debug|Any CPU = Debug|Any CPU
		Release|Any CPU = Release|Any CPU
	EndGlobalSection
	GlobalSection(ProjectConfigurationPlatforms) = postSolution
		{598E7986-B00E-4CED-A7D7-BF49E34DCFFA}.Debug|Any CPU.ActiveCfg = Debug|Any CPU
		{598E7986-B00E-4CED-A7D7-BF49E34DCFFA}.Debug|Any CPU.Build.0 = Debug|Any CPU
		{598E7986-B00E-4CED-A7D7-BF49E34DCFFA}.Release|Any CPU.ActiveCfg = Release|Any CPU
		{598E7986-B00E-4CED-A7D7-BF49E34DCFFA}.Release|Any CPU.Build.0 = Release|Any CPU
	EndGlobalSection
	GlobalSection(SolutionProperties) = preSolution
		HideSolutionNode = FALSE
	EndGlobalSection
	GlobalSection(ExtensibilityGlobals) = postSolution
		SolutionGuid = {BD0BAB7C-A5D4-4E8C-A6D3-0E02D481DD77}
	EndGlobalSection
EndGlobal
