
Microsoft Visual Studio Solution File, Format Version 12.00
# Visual Studio Version 16
VisualStudioVersion = 16.0.29613.14
MinimumVisualStudioVersion = 10.0.40219.1
Project("{FAE04EC0-301F-11D3-BF4B-00C04F79EFBC}") = "WPF 13 RadioButton", "WPF 13 RadioButton\WPF 13 RadioButton.csproj", "{E611A454-972D-4C14-AC3C-771904A1CBD2}"
EndProject
Global
	GlobalSection(SolutionConfigurationPlatforms) = preSolution
		Debug|Any CPU = Debug|Any CPU
		Release|Any CPU = Release|Any CPU
	EndGlobalSection
	GlobalSection(ProjectConfigurationPlatforms) = postSolution
		{E611A454-972D-4C14-AC3C-771904A1CBD2}.Debug|Any CPU.ActiveCfg = Debug|Any CPU
		{E611A454-972D-4C14-AC3C-771904A1CBD2}.Debug|Any CPU.Build.0 = Debug|Any CPU
		{E611A454-972D-4C14-AC3C-771904A1CBD2}.Release|Any CPU.ActiveCfg = Release|Any CPU
		{E611A454-972D-4C14-AC3C-771904A1CBD2}.Release|Any CPU.Build.0 = Release|Any CPU
	EndGlobalSection
	GlobalSection(SolutionProperties) = preSolution
		HideSolutionNode = FALSE
	EndGlobalSection
	GlobalSection(ExtensibilityGlobals) = postSolution
		SolutionGuid = {BBD3E45F-6FF4-47C4-9D1D-497E44850B28}
	EndGlobalSection
EndGlobal
