
Microsoft Visual Studio Solution File, Format Version 12.00
# Visual Studio Version 16
VisualStudioVersion = 16.0.29613.14
MinimumVisualStudioVersion = 10.0.40219.1
Project("{FAE04EC0-301F-11D3-BF4B-00C04F79EFBC}") = "WPF 06 - Dependence Properties", "WPF 06 - Dependence Properties\WPF 06 - Dependence Properties.csproj", "{2B36EEF0-8061-4875-B21A-1C220E48B3F9}"
EndProject
Global
	GlobalSection(SolutionConfigurationPlatforms) = preSolution
		Debug|Any CPU = Debug|Any CPU
		Release|Any CPU = Release|Any CPU
	EndGlobalSection
	GlobalSection(ProjectConfigurationPlatforms) = postSolution
		{2B36EEF0-8061-4875-B21A-1C220E48B3F9}.Debug|Any CPU.ActiveCfg = Debug|Any CPU
		{2B36EEF0-8061-4875-B21A-1C220E48B3F9}.Debug|Any CPU.Build.0 = Debug|Any CPU
		{2B36EEF0-8061-4875-B21A-1C220E48B3F9}.Release|Any CPU.ActiveCfg = Release|Any CPU
		{2B36EEF0-8061-4875-B21A-1C220E48B3F9}.Release|Any CPU.Build.0 = Release|Any CPU
	EndGlobalSection
	GlobalSection(SolutionProperties) = preSolution
		HideSolutionNode = FALSE
	EndGlobalSection
	GlobalSection(ExtensibilityGlobals) = postSolution
		SolutionGuid = {9A6703D1-FABA-4743-9FC5-88283E7F72A1}
	EndGlobalSection
EndGlobal
