
Microsoft Visual Studio Solution File, Format Version 12.00
# Visual Studio Version 16
VisualStudioVersion = 16.0.29609.76
MinimumVisualStudioVersion = 10.0.40219.1
Project("{FAE04EC0-301F-11D3-BF4B-00C04F79EFBC}") = "TryCatchFinally", "TryCatchFinally\TryCatchFinally.csproj", "{6DA84230-443A-4B7C-8076-9DCAD922610E}"
EndProject
Global
	GlobalSection(SolutionConfigurationPlatforms) = preSolution
		Debug|Any CPU = Debug|Any CPU
		Release|Any CPU = Release|Any CPU
	EndGlobalSection
	GlobalSection(ProjectConfigurationPlatforms) = postSolution
		{6DA84230-443A-4B7C-8076-9DCAD922610E}.Debug|Any CPU.ActiveCfg = Debug|Any CPU
		{6DA84230-443A-4B7C-8076-9DCAD922610E}.Debug|Any CPU.Build.0 = Debug|Any CPU
		{6DA84230-443A-4B7C-8076-9DCAD922610E}.Release|Any CPU.ActiveCfg = Release|Any CPU
		{6DA84230-443A-4B7C-8076-9DCAD922610E}.Release|Any CPU.Build.0 = Release|Any CPU
	EndGlobalSection
	GlobalSection(SolutionProperties) = preSolution
		HideSolutionNode = FALSE
	EndGlobalSection
	GlobalSection(ExtensibilityGlobals) = postSolution
		SolutionGuid = {13876998-EBC9-4E1B-9EA8-991DCF357B34}
	EndGlobalSection
EndGlobal
