
Microsoft Visual Studio Solution File, Format Version 12.00
# Visual Studio Version 16
VisualStudioVersion = 16.0.29613.14
MinimumVisualStudioVersion = 10.0.40219.1
Project("{FAE04EC0-301F-11D3-BF4B-00C04F79EFBC}") = "WPFTasks", "WPFTasks\WPFTasks.csproj", "{7D940109-BA68-4C67-A2D8-2BC7DC127F69}"
EndProject
Global
	GlobalSection(SolutionConfigurationPlatforms) = preSolution
		Debug|Any CPU = Debug|Any CPU
		Release|Any CPU = Release|Any CPU
	EndGlobalSection
	GlobalSection(ProjectConfigurationPlatforms) = postSolution
		{7D940109-BA68-4C67-A2D8-2BC7DC127F69}.Debug|Any CPU.ActiveCfg = Debug|Any CPU
		{7D940109-BA68-4C67-A2D8-2BC7DC127F69}.Debug|Any CPU.Build.0 = Debug|Any CPU
		{7D940109-BA68-4C67-A2D8-2BC7DC127F69}.Release|Any CPU.ActiveCfg = Release|Any CPU
		{7D940109-BA68-4C67-A2D8-2BC7DC127F69}.Release|Any CPU.Build.0 = Release|Any CPU
	EndGlobalSection
	GlobalSection(SolutionProperties) = preSolution
		HideSolutionNode = FALSE
	EndGlobalSection
	GlobalSection(ExtensibilityGlobals) = postSolution
		SolutionGuid = {1D533CD6-DF4C-48A5-8043-8E562585D119}
	EndGlobalSection
EndGlobal
