
Microsoft Visual Studio Solution File, Format Version 12.00
# Visual Studio Version 16
VisualStudioVersion = 16.0.29613.14
MinimumVisualStudioVersion = 10.0.40219.1
Project("{FAE04EC0-301F-11D3-BF4B-00C04F79EFBC}") = "WPF ZooManager", "WPF ZooManager\WPF ZooManager.csproj", "{4AEA7207-5566-4DA8-8593-572627B3B999}"
EndProject
Global
	GlobalSection(SolutionConfigurationPlatforms) = preSolution
		Debug|Any CPU = Debug|Any CPU
		Release|Any CPU = Release|Any CPU
	EndGlobalSection
	GlobalSection(ProjectConfigurationPlatforms) = postSolution
		{4AEA7207-5566-4DA8-8593-572627B3B999}.Debug|Any CPU.ActiveCfg = Debug|Any CPU
		{4AEA7207-5566-4DA8-8593-572627B3B999}.Debug|Any CPU.Build.0 = Debug|Any CPU
		{4AEA7207-5566-4DA8-8593-572627B3B999}.Release|Any CPU.ActiveCfg = Release|Any CPU
		{4AEA7207-5566-4DA8-8593-572627B3B999}.Release|Any CPU.Build.0 = Release|Any CPU
	EndGlobalSection
	GlobalSection(SolutionProperties) = preSolution
		HideSolutionNode = FALSE
	EndGlobalSection
	GlobalSection(ExtensibilityGlobals) = postSolution
		SolutionGuid = {C427BEE4-6DC2-4AAA-9ADF-C1951AD8671A}
	EndGlobalSection
EndGlobal
