
Microsoft Visual Studio Solution File, Format Version 12.00
# Visual Studio Version 16
VisualStudioVersion = 16.0.29609.76
MinimumVisualStudioVersion = 10.0.40219.1
Project("{FAE04EC0-301F-11D3-BF4B-00C04F79EFBC}") = "EnumsPractice", "EnumsPractice\EnumsPractice.csproj", "{D6E29824-5F6A-42D5-AF84-7FAA019EB15D}"
EndProject
Global
	GlobalSection(SolutionConfigurationPlatforms) = preSolution
		Debug|Any CPU = Debug|Any CPU
		Release|Any CPU = Release|Any CPU
	EndGlobalSection
	GlobalSection(ProjectConfigurationPlatforms) = postSolution
		{D6E29824-5F6A-42D5-AF84-7FAA019EB15D}.Debug|Any CPU.ActiveCfg = Debug|Any CPU
		{D6E29824-5F6A-42D5-AF84-7FAA019EB15D}.Debug|Any CPU.Build.0 = Debug|Any CPU
		{D6E29824-5F6A-42D5-AF84-7FAA019EB15D}.Release|Any CPU.ActiveCfg = Release|Any CPU
		{D6E29824-5F6A-42D5-AF84-7FAA019EB15D}.Release|Any CPU.Build.0 = Release|Any CPU
	EndGlobalSection
	GlobalSection(SolutionProperties) = preSolution
		HideSolutionNode = FALSE
	EndGlobalSection
	GlobalSection(ExtensibilityGlobals) = postSolution
		SolutionGuid = {AB0DDB99-6AEE-4577-B01B-2A74426F935C}
	EndGlobalSection
EndGlobal
