
Microsoft Visual Studio Solution File, Format Version 12.00
# Visual Studio Version 16
VisualStudioVersion = 16.0.29609.76
MinimumVisualStudioVersion = 10.0.40219.1
Project("{FAE04EC0-301F-11D3-BF4B-00C04F79EFBC}") = "RegularExpressions", "RegularExpressions\RegularExpressions.csproj", "{173C20F8-4097-44C9-B898-1A2B09A5BC4B}"
EndProject
Global
	GlobalSection(SolutionConfigurationPlatforms) = preSolution
		Debug|Any CPU = Debug|Any CPU
		Release|Any CPU = Release|Any CPU
	EndGlobalSection
	GlobalSection(ProjectConfigurationPlatforms) = postSolution
		{173C20F8-4097-44C9-B898-1A2B09A5BC4B}.Debug|Any CPU.ActiveCfg = Debug|Any CPU
		{173C20F8-4097-44C9-B898-1A2B09A5BC4B}.Debug|Any CPU.Build.0 = Debug|Any CPU
		{173C20F8-4097-44C9-B898-1A2B09A5BC4B}.Release|Any CPU.ActiveCfg = Release|Any CPU
		{173C20F8-4097-44C9-B898-1A2B09A5BC4B}.Release|Any CPU.Build.0 = Release|Any CPU
	EndGlobalSection
	GlobalSection(SolutionProperties) = preSolution
		HideSolutionNode = FALSE
	EndGlobalSection
	GlobalSection(ExtensibilityGlobals) = postSolution
		SolutionGuid = {7C42744C-D740-47C9-A9A0-57224C2B655C}
	EndGlobalSection
EndGlobal
