
Microsoft Visual Studio Solution File, Format Version 12.00
# Visual Studio Version 16
VisualStudioVersion = 16.0.29609.76
MinimumVisualStudioVersion = 10.0.40219.1
Project("{FAE04EC0-301F-11D3-BF4B-00C04F79EFBC}") = "HelloWorld", "HelloWorld\HelloWorld.csproj", "{94EB38E2-24AE-4D68-B572-EF679249913F}"
EndProject
Global
	GlobalSection(SolutionConfigurationPlatforms) = preSolution
		Debug|Any CPU = Debug|Any CPU
		Release|Any CPU = Release|Any CPU
	EndGlobalSection
	GlobalSection(ProjectConfigurationPlatforms) = postSolution
		{94EB38E2-24AE-4D68-B572-EF679249913F}.Debug|Any CPU.ActiveCfg = Debug|Any CPU
		{94EB38E2-24AE-4D68-B572-EF679249913F}.Debug|Any CPU.Build.0 = Debug|Any CPU
		{94EB38E2-24AE-4D68-B572-EF679249913F}.Release|Any CPU.ActiveCfg = Release|Any CPU
		{94EB38E2-24AE-4D68-B572-EF679249913F}.Release|Any CPU.Build.0 = Release|Any CPU
	EndGlobalSection
	GlobalSection(SolutionProperties) = preSolution
		HideSolutionNode = FALSE
	EndGlobalSection
	GlobalSection(ExtensibilityGlobals) = postSolution
		SolutionGuid = {E245B268-FBCE-40BB-A35E-6B61499E65D8}
	EndGlobalSection
EndGlobal
