
Microsoft Visual Studio Solution File, Format Version 12.00
# Visual Studio Version 16
VisualStudioVersion = 16.0.29613.14
MinimumVisualStudioVersion = 10.0.40219.1
Project("{FAE04EC0-301F-11D3-BF4B-00C04F79EFBC}") = "WPF 07 - DataBinding", "WPF 07 - DataBinding\WPF 07 - DataBinding.csproj", "{DB29AFC9-3C70-4653-A7B3-3943A0B0C71F}"
EndProject
Global
	GlobalSection(SolutionConfigurationPlatforms) = preSolution
		Debug|Any CPU = Debug|Any CPU
		Release|Any CPU = Release|Any CPU
	EndGlobalSection
	GlobalSection(ProjectConfigurationPlatforms) = postSolution
		{DB29AFC9-3C70-4653-A7B3-3943A0B0C71F}.Debug|Any CPU.ActiveCfg = Debug|Any CPU
		{DB29AFC9-3C70-4653-A7B3-3943A0B0C71F}.Debug|Any CPU.Build.0 = Debug|Any CPU
		{DB29AFC9-3C70-4653-A7B3-3943A0B0C71F}.Release|Any CPU.ActiveCfg = Release|Any CPU
		{DB29AFC9-3C70-4653-A7B3-3943A0B0C71F}.Release|Any CPU.Build.0 = Release|Any CPU
	EndGlobalSection
	GlobalSection(SolutionProperties) = preSolution
		HideSolutionNode = FALSE
	EndGlobalSection
	GlobalSection(ExtensibilityGlobals) = postSolution
		SolutionGuid = {EE793BD4-AD65-42E3-AEE6-8F7DDA644875}
	EndGlobalSection
EndGlobal
